github.com/google/uuid v1.2.0 h1:qJYtXnJRWmpe7m/3XlyhrsLrEURqHRM2kxzoxXqyUDs=
github.com/google/uuid v1.2.0/go.mod h1:TIyPZe4MgqvfeYDBFedMoGGpEw/LqOeaOT+nhxU+yHo=
github.com/hellcats88/abstracte v0.0.0-20210317090049-e328175c5b65 h1:D78nwFsou/qCsFJ2NZl7cSXLspZR356/O9/lskoXmUc=
github.com/hellcats88/abstracte v0.0.0-20210317090049-e328175c5b65/go.mod h1:37JdHPR/3d1ng23oS/2VgSLrqbNvxaemu3EamORk6Nk=
github.com/hellcats88/rem v0.0.0-20210317090505-8cb505470f42 h1:5jWwobvRMHbiIQEbLawVZmDKBYgC1TPrfF8WQUHnsjA=
github.com/hellcats88/rem v0.0.0-20210317090505-8cb505470f42/go.mod h1:6priP6PCrsKWHoHmKRTfbT7Ok/QbCEx+oro70EuVwq4=
